
Microsoft Visual Studio Solution File, Format Version 12.00
# Visual Studio 15
VisualStudioVersion = 15.0.28307.852
MinimumVisualStudioVersion = 10.0.40219.1
Project("{9A19103F-16F7-4668-BE54-9A1E7A4F7556}") = "HMS", "HMS\HMS.csproj", "{EB9AE58E-B4BA-4F97-891C-31B0CE5A072C}"
EndProject
Project("{9A19103F-16F7-4668-BE54-9A1E7A4F7556}") = "HMS.Data", "HMS.Data\HMS.Data.csproj", "{700B45CB-3C6D-46F1-B18D-F3FAD5CDF9B0}"
EndProject
Project("{9A19103F-16F7-4668-BE54-9A1E7A4F7556}") = "HMS.Services", "HMS.Services\HMS.Services.csproj", "{FB966D6D-8CA3-4A1B-A1B5-AF01F7922532}"
EndProject
Project("{9A19103F-16F7-4668-BE54-9A1E7A4F7556}") = "HMS.Entities", "HMS.Entities\HMS.Entities.csproj", "{E79BE3D2-71EB-4DA7-9D44-547401E38623}"
EndProject
Global
	GlobalSection(SolutionConfigurationPlatforms) = preSolution
		Debug|Any CPU = Debug|Any CPU
		Release|Any CPU = Release|Any CPU
	EndGlobalSection
	GlobalSection(ProjectConfigurationPlatforms) = postSolution
		{EB9AE58E-B4BA-4F97-891C-31B0CE5A072C}.Debug|Any CPU.ActiveCfg = Debug|Any CPU
		{EB9AE58E-B4BA-4F97-891C-31B0CE5A072C}.Debug|Any CPU.Build.0 = Debug|Any CPU
		{EB9AE58E-B4BA-4F97-891C-31B0CE5A072C}.Release|Any CPU.ActiveCfg = Release|Any CPU
		{EB9AE58E-B4BA-4F97-891C-31B0CE5A072C}.Release|Any CPU.Build.0 = Release|Any CPU
		{700B45CB-3C6D-46F1-B18D-F3FAD5CDF9B0}.Debug|Any CPU.ActiveCfg = Debug|Any CPU
		{700B45CB-3C6D-46F1-B18D-F3FAD5CDF9B0}.Debug|Any CPU.Build.0 = Debug|Any CPU
		{700B45CB-3C6D-46F1-B18D-F3FAD5CDF9B0}.Release|Any CPU.ActiveCfg = Release|Any CPU
		{700B45CB-3C6D-46F1-B18D-F3FAD5CDF9B0}.Release|Any CPU.Build.0 = Release|Any CPU
		{FB966D6D-8CA3-4A1B-A1B5-AF01F7922532}.Debug|Any CPU.ActiveCfg = Debug|Any CPU
		{FB966D6D-8CA3-4A1B-A1B5-AF01F7922532}.Debug|Any CPU.Build.0 = Debug|Any CPU
		{FB966D6D-8CA3-4A1B-A1B5-AF01F7922532}.Release|Any CPU.ActiveCfg = Release|Any CPU
		{FB966D6D-8CA3-4A1B-A1B5-AF01F7922532}.Release|Any CPU.Build.0 = Release|Any CPU
		{E79BE3D2-71EB-4DA7-9D44-547401E38623}.Debug|Any CPU.ActiveCfg = Debug|Any CPU
		{E79BE3D2-71EB-4DA7-9D44-547401E38623}.Debug|Any CPU.Build.0 = Debug|Any CPU
		{E79BE3D2-71EB-4DA7-9D44-547401E38623}.Release|Any CPU.ActiveCfg = Release|Any CPU
		{E79BE3D2-71EB-4DA7-9D44-547401E38623}.Release|Any CPU.Build.0 = Release|Any CPU
	EndGlobalSection
	GlobalSection(SolutionProperties) = preSolution
		HideSolutionNode = FALSE
	EndGlobalSection
	GlobalSection(ExtensibilityGlobals) = postSolution
		SolutionGuid = {BFF162D0-C030-49EA-BBFD-504F683962AD}
	EndGlobalSection
EndGlobal
